{
  "requires": true,
  "lockfileVersion": 1,
  "dependencies": {
    "ice": {
      "version": "3.7.2",
      "resolved": "https://registry.npmjs.org/ice/-/ice-3.7.2.tgz",
      "integrity": "sha512-0GgKK/khUhtDXUEv0SO6nsrhzgxvLQiKez7bEe+FmG5umR/pwy7TVPW6KkJKg9lp5MWnP4kox+nTHyyehLMdoQ=="
    },
    "slice2js": {
      "version": "3.7.2",
      "resolved": "https://registry.npmjs.org/slice2js/-/slice2js-3.7.2.tgz",
      "integrity": "sha512-qCDuCgQTsvlaL6ABJOfRS7G5WonEUs5DZInbfYvzaAaBqiSrg32A9yDi1Is7p4Kyb4P97ImWFIZSL4xYSdTcgQ=="
    }
  }
}
